
Microsoft Visual Studio Solution File, Format Version 11.00
# Visual Studio 2010
Project("{FAE04EC0-301F-11D3-BF4B-00C04F79EFBC}") = "EntidadesCompartidas", "EntidadesCompartidas\EntidadesCompartidas.csproj", "{0AA33114-26A1-4164-946B-100B536CB099}"
EndProject
Project("{FAE04EC0-301F-11D3-BF4B-00C04F79EFBC}") = "Persistencia", "Persistencia\Persistencia.csproj", "{A6AF4522-D759-4641-852D-57FBEA16CCE4}"
EndProject
Project("{FAE04EC0-301F-11D3-BF4B-00C04F79EFBC}") = "Logica", "Logica\Logica.csproj", "{A6754E84-DC65-4548-8C8B-A819C7011450}"
EndProject
Project("{E24C65DC-7377-472B-9ABA-BC803B73C61A}") = "Presentacion", "Presentacion\", "{1BD84422-8435-4158-B796-145BD34334EA}"
	ProjectSection(WebsiteProperties) = preProject
		TargetFrameworkMoniker = ".NETFramework,Version%3Dv4.0"
		ProjectReferences = "{A6754E84-DC65-4548-8C8B-A819C7011450}|Logica.dll;{0AA33114-26A1-4164-946B-100B536CB099}|EntidadesCompartidas.dll;{A6AF4522-D759-4641-852D-57FBEA16CCE4}|Persistencia.dll;"
		Debug.AspNetCompiler.VirtualPath = "/Presentacion"
		Debug.AspNetCompiler.PhysicalPath = "Presentacion\"
		Debug.AspNetCompiler.TargetPath = "PrecompiledWeb\Presentacion\"
		Debug.AspNetCompiler.Updateable = "true"
		Debug.AspNetCompiler.ForceOverwrite = "true"
		Debug.AspNetCompiler.FixedNames = "false"
		Debug.AspNetCompiler.Debug = "True"
		Release.AspNetCompiler.VirtualPath = "/Presentacion"
		Release.AspNetCompiler.PhysicalPath = "Presentacion\"
		Release.AspNetCompiler.TargetPath = "PrecompiledWeb\Presentacion\"
		Release.AspNetCompiler.Updateable = "true"
		Release.AspNetCompiler.ForceOverwrite = "true"
		Release.AspNetCompiler.FixedNames = "false"
		Release.AspNetCompiler.Debug = "False"
		VWDPort = "1036"
	EndProjectSection
EndProject
Global
	GlobalSection(SolutionConfigurationPlatforms) = preSolution
		Debug|.NET = Debug|.NET
		Debug|Any CPU = Debug|Any CPU
		Debug|Mixed Platforms = Debug|Mixed Platforms
		Release|.NET = Release|.NET
		Release|Any CPU = Release|Any CPU
		Release|Mixed Platforms = Release|Mixed Platforms
	EndGlobalSection
	GlobalSection(ProjectConfigurationPlatforms) = postSolution
		{0AA33114-26A1-4164-946B-100B536CB099}.Debug|.NET.ActiveCfg = Debug|Any CPU
		{0AA33114-26A1-4164-946B-100B536CB099}.Debug|Any CPU.ActiveCfg = Debug|Any CPU
		{0AA33114-26A1-4164-946B-100B536CB099}.Debug|Any CPU.Build.0 = Debug|Any CPU
		{0AA33114-26A1-4164-946B-100B536CB099}.Debug|Mixed Platforms.ActiveCfg = Debug|Any CPU
		{0AA33114-26A1-4164-946B-100B536CB099}.Debug|Mixed Platforms.Build.0 = Debug|Any CPU
		{0AA33114-26A1-4164-946B-100B536CB099}.Release|.NET.ActiveCfg = Release|Any CPU
		{0AA33114-26A1-4164-946B-100B536CB099}.Release|Any CPU.ActiveCfg = Release|Any CPU
		{0AA33114-26A1-4164-946B-100B536CB099}.Release|Any CPU.Build.0 = Release|Any CPU
		{0AA33114-26A1-4164-946B-100B536CB099}.Release|Mixed Platforms.ActiveCfg = Release|Any CPU
		{0AA33114-26A1-4164-946B-100B536CB099}.Release|Mixed Platforms.Build.0 = Release|Any CPU
		{A6AF4522-D759-4641-852D-57FBEA16CCE4}.Debug|.NET.ActiveCfg = Debug|Any CPU
		{A6AF4522-D759-4641-852D-57FBEA16CCE4}.Debug|Any CPU.ActiveCfg = Debug|Any CPU
		{A6AF4522-D759-4641-852D-57FBEA16CCE4}.Debug|Any CPU.Build.0 = Debug|Any CPU
		{A6AF4522-D759-4641-852D-57FBEA16CCE4}.Debug|Mixed Platforms.ActiveCfg = Debug|Any CPU
		{A6AF4522-D759-4641-852D-57FBEA16CCE4}.Debug|Mixed Platforms.Build.0 = Debug|Any CPU
		{A6AF4522-D759-4641-852D-57FBEA16CCE4}.Release|.NET.ActiveCfg = Release|Any CPU
		{A6AF4522-D759-4641-852D-57FBEA16CCE4}.Release|Any CPU.ActiveCfg = Release|Any CPU
		{A6AF4522-D759-4641-852D-57FBEA16CCE4}.Release|Any CPU.Build.0 = Release|Any CPU
		{A6AF4522-D759-4641-852D-57FBEA16CCE4}.Release|Mixed Platforms.ActiveCfg = Release|Any CPU
		{A6AF4522-D759-4641-852D-57FBEA16CCE4}.Release|Mixed Platforms.Build.0 = Release|Any CPU
		{A6754E84-DC65-4548-8C8B-A819C7011450}.Debug|.NET.ActiveCfg = Debug|Any CPU
		{A6754E84-DC65-4548-8C8B-A819C7011450}.Debug|Any CPU.ActiveCfg = Debug|Any CPU
		{A6754E84-DC65-4548-8C8B-A819C7011450}.Debug|Any CPU.Build.0 = Debug|Any CPU
		{A6754E84-DC65-4548-8C8B-A819C7011450}.Debug|Mixed Platforms.ActiveCfg = Debug|Any CPU
		{A6754E84-DC65-4548-8C8B-A819C7011450}.Debug|Mixed Platforms.Build.0 = Debug|Any CPU
		{A6754E84-DC65-4548-8C8B-A819C7011450}.Release|.NET.ActiveCfg = Release|Any CPU
		{A6754E84-DC65-4548-8C8B-A819C7011450}.Release|Any CPU.ActiveCfg = Release|Any CPU
		{A6754E84-DC65-4548-8C8B-A819C7011450}.Release|Any CPU.Build.0 = Release|Any CPU
		{A6754E84-DC65-4548-8C8B-A819C7011450}.Release|Mixed Platforms.ActiveCfg = Release|Any CPU
		{A6754E84-DC65-4548-8C8B-A819C7011450}.Release|Mixed Platforms.Build.0 = Release|Any CPU
		{1BD84422-8435-4158-B796-145BD34334EA}.Debug|.NET.ActiveCfg = Debug|.NET
		{1BD84422-8435-4158-B796-145BD34334EA}.Debug|.NET.Build.0 = Debug|.NET
		{1BD84422-8435-4158-B796-145BD34334EA}.Debug|Any CPU.ActiveCfg = Debug|.NET
		{1BD84422-8435-4158-B796-145BD34334EA}.Debug|Mixed Platforms.ActiveCfg = Debug|.NET
		{1BD84422-8435-4158-B796-145BD34334EA}.Debug|Mixed Platforms.Build.0 = Debug|.NET
		{1BD84422-8435-4158-B796-145BD34334EA}.Release|.NET.ActiveCfg = Debug|.NET
		{1BD84422-8435-4158-B796-145BD34334EA}.Release|.NET.Build.0 = Debug|.NET
		{1BD84422-8435-4158-B796-145BD34334EA}.Release|Any CPU.ActiveCfg = Debug|.NET
		{1BD84422-8435-4158-B796-145BD34334EA}.Release|Mixed Platforms.ActiveCfg = Debug|.NET
		{1BD84422-8435-4158-B796-145BD34334EA}.Release|Mixed Platforms.Build.0 = Debug|.NET
	EndGlobalSection
	GlobalSection(SolutionProperties) = preSolution
		HideSolutionNode = FALSE
	EndGlobalSection
EndGlobal
