
Microsoft Visual Studio Solution File, Format Version 11.00
# Visual Studio 2010
Project("{E24C65DC-7377-472B-9ABA-BC803B73C61A}") = "06 - CasoEstudio", ".", "{DA0862C9-A243-405E-A4C5-E74DF28EE70A}"
	ProjectSection(WebsiteProperties) = preProject
		TargetFrameworkMoniker = ".NETFramework,Version%3Dv4.0"
		Debug.AspNetCompiler.VirtualPath = "/06 - AspNetAvanzado"
		Debug.AspNetCompiler.PhysicalPath = "..\06 - AspNetAvanzado\"
		Debug.AspNetCompiler.TargetPath = "PrecompiledWeb\06 - AspNetAvanzado\"
		Debug.AspNetCompiler.Updateable = "true"
		Debug.AspNetCompiler.ForceOverwrite = "true"
		Debug.AspNetCompiler.FixedNames = "false"
		Debug.AspNetCompiler.Debug = "True"
		Release.AspNetCompiler.VirtualPath = "/06 - AspNetAvanzado"
		Release.AspNetCompiler.PhysicalPath = "..\06 - AspNetAvanzado\"
		Release.AspNetCompiler.TargetPath = "PrecompiledWeb\06 - AspNetAvanzado\"
		Release.AspNetCompiler.Updateable = "true"
		Release.AspNetCompiler.ForceOverwrite = "true"
		Release.AspNetCompiler.FixedNames = "false"
		Release.AspNetCompiler.Debug = "False"
		VWDPort = "2313"
		DefaultWebSiteLanguage = "Visual C#"
	EndProjectSection
EndProject
Global
	GlobalSection(SolutionConfigurationPlatforms) = preSolution
		Debug|.NET = Debug|.NET
	EndGlobalSection
	GlobalSection(ProjectConfigurationPlatforms) = postSolution
		{DA0862C9-A243-405E-A4C5-E74DF28EE70A}.Debug|.NET.ActiveCfg = Debug|.NET
		{DA0862C9-A243-405E-A4C5-E74DF28EE70A}.Debug|.NET.Build.0 = Debug|.NET
	EndGlobalSection
	GlobalSection(SolutionProperties) = preSolution
		HideSolutionNode = FALSE
	EndGlobalSection
EndGlobal
